// !$*UTF8*$!
{
	archiveVersion = 1;
	classes = {
	};
	objectVersion = 51;
	objects = {

/* Begin PBXBuildFile section */
		8705A3F9EB4DA4DC6190D5CA /* Pods_SaryApp.framework in Frameworks */ = {isa = PBXBuildFile; fileRef = 6CF0FA936C2ED8119A8C01A1 /* Pods_SaryApp.framework */; };
		D6A4A3F626EFB93900E9F13E /* SaryAppApp.swift in Sources */ = {isa = PBXBuildFile; fileRef = D6A4A3F526EFB93900E9F13E /* SaryAppApp.swift */; };
		D6A4A3F826EFB93900E9F13E /* ContentView.swift in Sources */ = {isa = PBXBuildFile; fileRef = D6A4A3F726EFB93900E9F13E /* ContentView.swift */; };
		D6A4A3FA26EFB93A00E9F13E /* Assets.xcassets in Resources */ = {isa = PBXBuildFile; fileRef = D6A4A3F926EFB93A00E9F13E /* Assets.xcassets */; };
		D6A4A3FD26EFB93A00E9F13E /* Preview Assets.xcassets in Resources */ = {isa = PBXBuildFile; fileRef = D6A4A3FC26EFB93A00E9F13E /* Preview Assets.xcassets */; };
		D6A4A40526EFC61800E9F13E /* BannerModel.swift in Sources */ = {isa = PBXBuildFile; fileRef = D6A4A40426EFC61800E9F13E /* BannerModel.swift */; };
		D6A4A40926EFCA0200E9F13E /* BannerViewModel.swift in Sources */ = {isa = PBXBuildFile; fileRef = D6A4A40826EFCA0200E9F13E /* BannerViewModel.swift */; };
		D6A4A40B26EFCDDD00E9F13E /* APIManager.swift in Sources */ = {isa = PBXBuildFile; fileRef = D6A4A40A26EFCDDD00E9F13E /* APIManager.swift */; };
		D6A4A40D26F136DC00E9F13E /* JsonForBanner.json in Sources */ = {isa = PBXBuildFile; fileRef = D6A4A40C26F136DC00E9F13E /* JsonForBanner.json */; };
		D6A4A40E26F1447200E9F13E /* JsonForBanner.json in Resources */ = {isa = PBXBuildFile; fileRef = D6A4A40C26F136DC00E9F13E /* JsonForBanner.json */; };
		D6A4A41226F1626600E9F13E /* ToastView.swift in Sources */ = {isa = PBXBuildFile; fileRef = D6A4A41126F1626600E9F13E /* ToastView.swift */; };
		D6A4A41426F1754C00E9F13E /* BannerView.swift in Sources */ = {isa = PBXBuildFile; fileRef = D6A4A41326F1754C00E9F13E /* BannerView.swift */; };
		D6A4A41826F1791C00E9F13E /* CatalogModel.swift in Sources */ = {isa = PBXBuildFile; fileRef = D6A4A41726F1791C00E9F13E /* CatalogModel.swift */; };
		D6A4A41A26F2A76800E9F13E /* CatalogViewModel.swift in Sources */ = {isa = PBXBuildFile; fileRef = D6A4A41926F2A76800E9F13E /* CatalogViewModel.swift */; };
		D6A4A41C26F2C0A200E9F13E /* SmartCatalogView.swift in Sources */ = {isa = PBXBuildFile; fileRef = D6A4A41B26F2C0A200E9F13E /* SmartCatalogView.swift */; };
		D6C64F0426F30C0E00EFF42C /* groupCatalogView.swift in Sources */ = {isa = PBXBuildFile; fileRef = D6C64F0326F30C0E00EFF42C /* groupCatalogView.swift */; };
		D6C64F0626F3280600EFF42C /* CatalogNavigationView.swift in Sources */ = {isa = PBXBuildFile; fileRef = D6C64F0526F3280600EFF42C /* CatalogNavigationView.swift */; };
		D6C64F0826F32BF000EFF42C /* BannerCatalogView.swift in Sources */ = {isa = PBXBuildFile; fileRef = D6C64F0726F32BF000EFF42C /* BannerCatalogView.swift */; };
/* End PBXBuildFile section */

/* Begin PBXFileReference section */
		4FAC072E9E6ABE551A1BA757 /* Pods-SaryApp.debug.xcconfig */ = {isa = PBXFileReference; includeInIndex = 1; lastKnownFileType = text.xcconfig; name = "Pods-SaryApp.debug.xcconfig"; path = "Target Support Files/Pods-SaryApp/Pods-SaryApp.debug.xcconfig"; sourceTree = "<group>"; };
		6CF0FA936C2ED8119A8C01A1 /* Pods_SaryApp.framework */ = {isa = PBXFileReference; explicitFileType = wrapper.framework; includeInIndex = 0; path = Pods_SaryApp.framework; sourceTree = BUILT_PRODUCTS_DIR; };
		6EFC10E7E7D127616FCFF246 /* Pods-SaryApp.release.xcconfig */ = {isa = PBXFileReference; includeInIndex = 1; lastKnownFileType = text.xcconfig; name = "Pods-SaryApp.release.xcconfig"; path = "Target Support Files/Pods-SaryApp/Pods-SaryApp.release.xcconfig"; sourceTree = "<group>"; };
		D6A4A3F226EFB93900E9F13E /* SaryApp.app */ = {isa = PBXFileReference; explicitFileType = wrapper.application; includeInIndex = 0; path = SaryApp.app; sourceTree = BUILT_PRODUCTS_DIR; };
		D6A4A3F526EFB93900E9F13E /* SaryAppApp.swift */ = {isa = PBXFileReference; lastKnownFileType = sourcecode.swift; path = SaryAppApp.swift; sourceTree = "<group>"; };
		D6A4A3F726EFB93900E9F13E /* ContentView.swift */ = {isa = PBXFileReference; lastKnownFileType = sourcecode.swift; path = ContentView.swift; sourceTree = "<group>"; };
		D6A4A3F926EFB93A00E9F13E /* Assets.xcassets */ = {isa = PBXFileReference; lastKnownFileType = folder.assetcatalog; path = Assets.xcassets; sourceTree = "<group>"; };
		D6A4A3FC26EFB93A00E9F13E /* Preview Assets.xcassets */ = {isa = PBXFileReference; lastKnownFileType = folder.assetcatalog; path = "Preview Assets.xcassets"; sourceTree = "<group>"; };
		D6A4A3FE26EFB93A00E9F13E /* Info.plist */ = {isa = PBXFileReference; lastKnownFileType = text.plist.xml; path = Info.plist; sourceTree = "<group>"; };
		D6A4A40426EFC61800E9F13E /* BannerModel.swift */ = {isa = PBXFileReference; lastKnownFileType = sourcecode.swift; path = BannerModel.swift; sourceTree = "<group>"; };
		D6A4A40826EFCA0200E9F13E /* BannerViewModel.swift */ = {isa = PBXFileReference; lastKnownFileType = sourcecode.swift; path = BannerViewModel.swift; sourceTree = "<group>"; };
		D6A4A40A26EFCDDD00E9F13E /* APIManager.swift */ = {isa = PBXFileReference; lastKnownFileType = sourcecode.swift; path = APIManager.swift; sourceTree = "<group>"; };
		D6A4A40C26F136DC00E9F13E /* JsonForBanner.json */ = {isa = PBXFileReference; lastKnownFileType = text.json; path = JsonForBanner.json; sourceTree = "<group>"; xcLanguageSpecificationIdentifier = xcode.lang.json; };
		D6A4A41126F1626600E9F13E /* ToastView.swift */ = {isa = PBXFileReference; lastKnownFileType = sourcecode.swift; path = ToastView.swift; sourceTree = "<group>"; };
		D6A4A41326F1754C00E9F13E /* BannerView.swift */ = {isa = PBXFileReference; lastKnownFileType = sourcecode.swift; path = BannerView.swift; sourceTree = "<group>"; };
		D6A4A41726F1791C00E9F13E /* CatalogModel.swift */ = {isa = PBXFileReference; lastKnownFileType = sourcecode.swift; path = CatalogModel.swift; sourceTree = "<group>"; };
		D6A4A41926F2A76800E9F13E /* CatalogViewModel.swift */ = {isa = PBXFileReference; lastKnownFileType = sourcecode.swift; path = CatalogViewModel.swift; sourceTree = "<group>"; };
		D6A4A41B26F2C0A200E9F13E /* SmartCatalogView.swift */ = {isa = PBXFileReference; lastKnownFileType = sourcecode.swift; path = SmartCatalogView.swift; sourceTree = "<group>"; };
		D6C64F0326F30C0E00EFF42C /* groupCatalogView.swift */ = {isa = PBXFileReference; lastKnownFileType = sourcecode.swift; path = groupCatalogView.swift; sourceTree = "<group>"; };
		D6C64F0526F3280600EFF42C /* CatalogNavigationView.swift */ = {isa = PBXFileReference; lastKnownFileType = sourcecode.swift; path = CatalogNavigationView.swift; sourceTree = "<group>"; };
		D6C64F0726F32BF000EFF42C /* BannerCatalogView.swift */ = {isa = PBXFileReference; lastKnownFileType = sourcecode.swift; path = BannerCatalogView.swift; sourceTree = "<group>"; };
/* End PBXFileReference section */

/* Begin PBXFrameworksBuildPhase section */
		D6A4A3EF26EFB93900E9F13E /* Frameworks */ = {
			isa = PBXFrameworksBuildPhase;
			buildActionMask = 2147483647;
			files = (
				8705A3F9EB4DA4DC6190D5CA /* Pods_SaryApp.framework in Frameworks */,
			);
			runOnlyForDeploymentPostprocessing = 0;
		};
/* End PBXFrameworksBuildPhase section */

/* Begin PBXGroup section */
		D6A4A3E926EFB93900E9F13E = {
			isa = PBXGroup;
			children = (
				D6A4A3F426EFB93900E9F13E /* SaryApp */,
				D6A4A3F326EFB93900E9F13E /* Products */,
				FAABA7B977F4BA2A34253600 /* Pods */,
				F6315E1FB36D8FC4CC7180FB /* Frameworks */,
			);
			sourceTree = "<group>";
		};
		D6A4A3F326EFB93900E9F13E /* Products */ = {
			isa = PBXGroup;
			children = (
				D6A4A3F226EFB93900E9F13E /* SaryApp.app */,
			);
			name = Products;
			sourceTree = "<group>";
		};
		D6A4A3F426EFB93900E9F13E /* SaryApp */ = {
			isa = PBXGroup;
			children = (
				D6A4A41626F1765500E9F13E /* Manager */,
				D6A4A40626EFC9C500E9F13E /* Model */,
				D6A4A40726EFC9D100E9F13E /* ViewModel */,
				D6A4A41526F1763800E9F13E /* View */,
				D6A4A3F526EFB93900E9F13E /* SaryAppApp.swift */,
				D6A4A3F726EFB93900E9F13E /* ContentView.swift */,
				D6A4A3F926EFB93A00E9F13E /* Assets.xcassets */,
				D6A4A3FE26EFB93A00E9F13E /* Info.plist */,
				D6A4A3FB26EFB93A00E9F13E /* Preview Content */,
			);
			path = SaryApp;
			sourceTree = "<group>";
		};
		D6A4A3FB26EFB93A00E9F13E /* Preview Content */ = {
			isa = PBXGroup;
			children = (
				D6A4A3FC26EFB93A00E9F13E /* Preview Assets.xcassets */,
			);
			path = "Preview Content";
			sourceTree = "<group>";
		};
		D6A4A40626EFC9C500E9F13E /* Model */ = {
			isa = PBXGroup;
			children = (
				D6A4A40426EFC61800E9F13E /* BannerModel.swift */,
				D6A4A41726F1791C00E9F13E /* CatalogModel.swift */,
			);
			path = Model;
			sourceTree = "<group>";
		};
		D6A4A40726EFC9D100E9F13E /* ViewModel */ = {
			isa = PBXGroup;
			children = (
				D6A4A40826EFCA0200E9F13E /* BannerViewModel.swift */,
				D6A4A41926F2A76800E9F13E /* CatalogViewModel.swift */,
			);
			path = ViewModel;
			sourceTree = "<group>";
		};
		D6A4A41526F1763800E9F13E /* View */ = {
			isa = PBXGroup;
			children = (
				D6A4A41126F1626600E9F13E /* ToastView.swift */,
				D6A4A41326F1754C00E9F13E /* BannerView.swift */,
				D6A4A41B26F2C0A200E9F13E /* SmartCatalogView.swift */,
				D6C64F0326F30C0E00EFF42C /* groupCatalogView.swift */,
				D6C64F0726F32BF000EFF42C /* BannerCatalogView.swift */,
				D6C64F0526F3280600EFF42C /* CatalogNavigationView.swift */,
			);
			path = View;
			sourceTree = "<group>";
		};
		D6A4A41626F1765500E9F13E /* Manager */ = {
			isa = PBXGroup;
			children = (
				D6A4A40C26F136DC00E9F13E /* JsonForBanner.json */,
				D6A4A40A26EFCDDD00E9F13E /* APIManager.swift */,
			);
			path = Manager;
			sourceTree = "<group>";
		};
		F6315E1FB36D8FC4CC7180FB /* Frameworks */ = {
			isa = PBXGroup;
			children = (
				6CF0FA936C2ED8119A8C01A1 /* Pods_SaryApp.framework */,
			);
			name = Frameworks;
			sourceTree = "<group>";
		};
		FAABA7B977F4BA2A34253600 /* Pods */ = {
			isa = PBXGroup;
			children = (
				4FAC072E9E6ABE551A1BA757 /* Pods-SaryApp.debug.xcconfig */,
				6EFC10E7E7D127616FCFF246 /* Pods-SaryApp.release.xcconfig */,
			);
			path = Pods;
			sourceTree = "<group>";
		};
/* End PBXGroup section */

/* Begin PBXNativeTarget section */
		D6A4A3F126EFB93900E9F13E /* SaryApp */ = {
			isa = PBXNativeTarget;
			buildConfigurationList = D6A4A40126EFB93A00E9F13E /* Build configuration list for PBXNativeTarget "SaryApp" */;
			buildPhases = (
				995F0DF8AE855B7488981395 /* [CP] Check Pods Manifest.lock */,
				D6A4A3EE26EFB93900E9F13E /* Sources */,
				D6A4A3EF26EFB93900E9F13E /* Frameworks */,
				D6A4A3F026EFB93900E9F13E /* Resources */,
				9596530A92EDD736D77E05E1 /* [CP] Embed Pods Frameworks */,
			);
			buildRules = (
			);
			dependencies = (
			);
			name = SaryApp;
			productName = SaryApp;
			productReference = D6A4A3F226EFB93900E9F13E /* SaryApp.app */;
			productType = "com.apple.product-type.application";
		};
/* End PBXNativeTarget section */

/* Begin PBXProject section */
		D6A4A3EA26EFB93900E9F13E /* Project object */ = {
			isa = PBXProject;
			attributes = {
				LastSwiftUpdateCheck = 1250;
				LastUpgradeCheck = 1250;
				TargetAttributes = {
					D6A4A3F126EFB93900E9F13E = {
						CreatedOnToolsVersion = 12.5;
					};
				};
			};
			buildConfigurationList = D6A4A3ED26EFB93900E9F13E /* Build configuration list for PBXProject "SaryApp" */;
			compatibilityVersion = "Xcode 9.3";
			developmentRegion = en;
			hasScannedForEncodings = 0;
			knownRegions = (
				en,
				Base,
			);
			mainGroup = D6A4A3E926EFB93900E9F13E;
			productRefGroup = D6A4A3F326EFB93900E9F13E /* Products */;
			projectDirPath = "";
			projectRoot = "";
			targets = (
				D6A4A3F126EFB93900E9F13E /* SaryApp */,
			);
		};
/* End PBXProject section */

/* Begin PBXResourcesBuildPhase section */
		D6A4A3F026EFB93900E9F13E /* Resources */ = {
			isa = PBXResourcesBuildPhase;
			buildActionMask = 2147483647;
			files = (
				D6A4A40E26F1447200E9F13E /* JsonForBanner.json in Resources */,
				D6A4A3FD26EFB93A00E9F13E /* Preview Assets.xcassets in Resources */,
				D6A4A3FA26EFB93A00E9F13E /* Assets.xcassets in Resources */,
			);
			runOnlyForDeploymentPostprocessing = 0;
		};
/* End PBXResourcesBuildPhase section */

/* Begin PBXShellScriptBuildPhase section */
		9596530A92EDD736D77E05E1 /* [CP] Embed Pods Frameworks */ = {
			isa = PBXShellScriptBuildPhase;
			buildActionMask = 2147483647;
			files = (
			);
			inputFileListPaths = (
				"${PODS_ROOT}/Target Support Files/Pods-SaryApp/Pods-SaryApp-frameworks-${CONFIGURATION}-input-files.xcfilelist",
			);
			name = "[CP] Embed Pods Frameworks";
			outputFileListPaths = (
				"${PODS_ROOT}/Target Support Files/Pods-SaryApp/Pods-SaryApp-frameworks-${CONFIGURATION}-output-files.xcfilelist",
			);
			runOnlyForDeploymentPostprocessing = 0;
			shellPath = /bin/sh;
			shellScript = "\"${PODS_ROOT}/Target Support Files/Pods-SaryApp/Pods-SaryApp-frameworks.sh\"\n";
			showEnvVarsInLog = 0;
		};
		995F0DF8AE855B7488981395 /* [CP] Check Pods Manifest.lock */ = {
			isa = PBXShellScriptBuildPhase;
			buildActionMask = 2147483647;
			files = (
			);
			inputFileListPaths = (
			);
			inputPaths = (
				"${PODS_PODFILE_DIR_PATH}/Podfile.lock",
				"${PODS_ROOT}/Manifest.lock",
			);
			name = "[CP] Check Pods Manifest.lock";
			outputFileListPaths = (
			);
			outputPaths = (
				"$(DERIVED_FILE_DIR)/Pods-SaryApp-checkManifestLockResult.txt",
			);
			runOnlyForDeploymentPostprocessing = 0;
			shellPath = /bin/sh;
			shellScript = "diff \"${PODS_PODFILE_DIR_PATH}/Podfile.lock\" \"${PODS_ROOT}/Manifest.lock\" > /dev/null\nif [ $? != 0 ] ; then\n    # print error to STDERR\n    echo \"error: The sandbox is not in sync with the Podfile.lock. Run 'pod install' or update your CocoaPods installation.\" >&2\n    exit 1\nfi\n# This output is used by Xcode 'outputs' to avoid re-running this script phase.\necho \"SUCCESS\" > \"${SCRIPT_OUTPUT_FILE_0}\"\n";
			showEnvVarsInLog = 0;
		};
/* End PBXShellScriptBuildPhase section */

/* Begin PBXSourcesBuildPhase section */
		D6A4A3EE26EFB93900E9F13E /* Sources */ = {
			isa = PBXSourcesBuildPhase;
			buildActionMask = 2147483647;
			files = (
				D6C64F0826F32BF000EFF42C /* BannerCatalogView.swift in Sources */,
				D6C64F0426F30C0E00EFF42C /* groupCatalogView.swift in Sources */,
				D6A4A3F826EFB93900E9F13E /* ContentView.swift in Sources */,
				D6A4A41226F1626600E9F13E /* ToastView.swift in Sources */,
				D6A4A40526EFC61800E9F13E /* BannerModel.swift in Sources */,
				D6A4A41C26F2C0A200E9F13E /* SmartCatalogView.swift in Sources */,
				D6A4A41826F1791C00E9F13E /* CatalogModel.swift in Sources */,
				D6A4A40B26EFCDDD00E9F13E /* APIManager.swift in Sources */,
				D6A4A41426F1754C00E9F13E /* BannerView.swift in Sources */,
				D6A4A40926EFCA0200E9F13E /* BannerViewModel.swift in Sources */,
				D6A4A3F626EFB93900E9F13E /* SaryAppApp.swift in Sources */,
				D6A4A41A26F2A76800E9F13E /* CatalogViewModel.swift in Sources */,
				D6A4A40D26F136DC00E9F13E /* JsonForBanner.json in Sources */,
				D6C64F0626F3280600EFF42C /* CatalogNavigationView.swift in Sources */,
			);
			runOnlyForDeploymentPostprocessing = 0;
		};
/* End PBXSourcesBuildPhase section */

/* Begin XCBuildConfiguration section */
		D6A4A3FF26EFB93A00E9F13E /* Debug */ = {
			isa = XCBuildConfiguration;
			buildSettings = {
				ALWAYS_SEARCH_USER_PATHS = NO;
				CLANG_ANALYZER_NONNULL = YES;
				CLANG_ANALYZER_NUMBER_OBJECT_CONVERSION = YES_AGGRESSIVE;
				CLANG_CXX_LANGUAGE_STANDARD = "gnu++14";
				CLANG_CXX_LIBRARY = "libc++";
				CLANG_ENABLE_MODULES = YES;
				CLANG_ENABLE_OBJC_ARC = YES;
				CLANG_ENABLE_OBJC_WEAK = YES;
				CLANG_WARN_BLOCK_CAPTURE_AUTORELEASING = YES;
				CLANG_WARN_BOOL_CONVERSION = YES;
				CLANG_WARN_COMMA = YES;
				CLANG_WARN_CONSTANT_CONVERSION = YES;
				CLANG_WARN_DEPRECATED_OBJC_IMPLEMENTATIONS = YES;
				CLANG_WARN_DIRECT_OBJC_ISA_USAGE = YES_ERROR;
				CLANG_WARN_DOCUMENTATION_COMMENTS = YES;
				CLANG_WARN_EMPTY_BODY = YES;
				CLANG_WARN_ENUM_CONVERSION = YES;
				CLANG_WARN_INFINITE_RECURSION = YES;
				CLANG_WARN_INT_CONVERSION = YES;
				CLANG_WARN_NON_LITERAL_NULL_CONVERSION = YES;
				CLANG_WARN_OBJC_IMPLICIT_RETAIN_SELF = YES;
				CLANG_WARN_OBJC_LITERAL_CONVERSION = YES;
				CLANG_WARN_OBJC_ROOT_CLASS = YES_ERROR;
				CLANG_WARN_QUOTED_INCLUDE_IN_FRAMEWORK_HEADER = YES;
				CLANG_WARN_RANGE_LOOP_ANALYSIS = YES;
				CLANG_WARN_STRICT_PROTOTYPES = YES;
				CLANG_WARN_SUSPICIOUS_MOVE = YES;
				CLANG_WARN_UNGUARDED_AVAILABILITY = YES_AGGRESSIVE;
				CLANG_WARN_UNREACHABLE_CODE = YES;
				CLANG_WARN__DUPLICATE_METHOD_MATCH = YES;
				COPY_PHASE_STRIP = NO;
				DEBUG_INFORMATION_FORMAT = dwarf;
				ENABLE_STRICT_OBJC_MSGSEND = YES;
				ENABLE_TESTABILITY = YES;
				GCC_C_LANGUAGE_STANDARD = gnu11;
				GCC_DYNAMIC_NO_PIC = NO;
				GCC_NO_COMMON_BLOCKS = YES;
				GCC_OPTIMIZATION_LEVEL = 0;
				GCC_PREPROCESSOR_DEFINITIONS = (
					"DEBUG=1",
					"$(inherited)",
				);
				GCC_WARN_64_TO_32_BIT_CONVERSION = YES;
				GCC_WARN_ABOUT_RETURN_TYPE = YES_ERROR;
				GCC_WARN_UNDECLARED_SELECTOR = YES;
				GCC_WARN_UNINITIALIZED_AUTOS = YES_AGGRESSIVE;
				GCC_WARN_UNUSED_FUNCTION = YES;
				GCC_WARN_UNUSED_VARIABLE = YES;
				IPHONEOS_DEPLOYMENT_TARGET = 14.5;
				MTL_ENABLE_DEBUG_INFO = INCLUDE_SOURCE;
				MTL_FAST_MATH = YES;
				ONLY_ACTIVE_ARCH = YES;
				SDKROOT = iphoneos;
				SWIFT_ACTIVE_COMPILATION_CONDITIONS = DEBUG;
				SWIFT_OPTIMIZATION_LEVEL = "-Onone";
			};
			name = Debug;
		};
		D6A4A40026EFB93A00E9F13E /* Release */ = {
			isa = XCBuildConfiguration;
			buildSettings = {
				ALWAYS_SEARCH_USER_PATHS = NO;
				CLANG_ANALYZER_NONNULL = YES;
				CLANG_ANALYZER_NUMBER_OBJECT_CONVERSION = YES_AGGRESSIVE;
				CLANG_CXX_LANGUAGE_STANDARD = "gnu++14";
				CLANG_CXX_LIBRARY = "libc++";
				CLANG_ENABLE_MODULES = YES;
				CLANG_ENABLE_OBJC_ARC = YES;
				CLANG_ENABLE_OBJC_WEAK = YES;
				CLANG_WARN_BLOCK_CAPTURE_AUTORELEASING = YES;
				CLANG_WARN_BOOL_CONVERSION = YES;
				CLANG_WARN_COMMA = YES;
				CLANG_WARN_CONSTANT_CONVERSION = YES;
				CLANG_WARN_DEPRECATED_OBJC_IMPLEMENTATIONS = YES;
				CLANG_WARN_DIRECT_OBJC_ISA_USAGE = YES_ERROR;
				CLANG_WARN_DOCUMENTATION_COMMENTS = YES;
				CLANG_WARN_EMPTY_BODY = YES;
				CLANG_WARN_ENUM_CONVERSION = YES;
				CLANG_WARN_INFINITE_RECURSION = YES;
				CLANG_WARN_INT_CONVERSION = YES;
				CLANG_WARN_NON_LITERAL_NULL_CONVERSION = YES;
				CLANG_WARN_OBJC_IMPLICIT_RETAIN_SELF = YES;
				CLANG_WARN_OBJC_LITERAL_CONVERSION = YES;
				CLANG_WARN_OBJC_ROOT_CLASS = YES_ERROR;
				CLANG_WARN_QUOTED_INCLUDE_IN_FRAMEWORK_HEADER = YES;
				CLANG_WARN_RANGE_LOOP_ANALYSIS = YES;
				CLANG_WARN_STRICT_PROTOTYPES = YES;
				CLANG_WARN_SUSPICIOUS_MOVE = YES;
				CLANG_WARN_UNGUARDED_AVAILABILITY = YES_AGGRESSIVE;
				CLANG_WARN_UNREACHABLE_CODE = YES;
				CLANG_WARN__DUPLICATE_METHOD_MATCH = YES;
				COPY_PHASE_STRIP = NO;
				DEBUG_INFORMATION_FORMAT = "dwarf-with-dsym";
				ENABLE_NS_ASSERTIONS = NO;
				ENABLE_STRICT_OBJC_MSGSEND = YES;
				GCC_C_LANGUAGE_STANDARD = gnu11;
				GCC_NO_COMMON_BLOCKS = YES;
				GCC_WARN_64_TO_32_BIT_CONVERSION = YES;
				GCC_WARN_ABOUT_RETURN_TYPE = YES_ERROR;
				GCC_WARN_UNDECLARED_SELECTOR = YES;
				GCC_WARN_UNINITIALIZED_AUTOS = YES_AGGRESSIVE;
				GCC_WARN_UNUSED_FUNCTION = YES;
				GCC_WARN_UNUSED_VARIABLE = YES;
				IPHONEOS_DEPLOYMENT_TARGET = 14.5;
				MTL_ENABLE_DEBUG_INFO = NO;
				MTL_FAST_MATH = YES;
				SDKROOT = iphoneos;
				SWIFT_COMPILATION_MODE = wholemodule;
				SWIFT_OPTIMIZATION_LEVEL = "-O";
				VALIDATE_PRODUCT = YES;
			};
			name = Release;
		};
		D6A4A40226EFB93A00E9F13E /* Debug */ = {
			isa = XCBuildConfiguration;
			baseConfigurationReference = 4FAC072E9E6ABE551A1BA757 /* Pods-SaryApp.debug.xcconfig */;
			buildSettings = {
				ASSETCATALOG_COMPILER_APPICON_NAME = AppIcon;
				ASSETCATALOG_COMPILER_GLOBAL_ACCENT_COLOR_NAME = AccentColor;
				CODE_SIGN_STYLE = Automatic;
				DEVELOPMENT_ASSET_PATHS = "\"SaryApp/Preview Content\"";
				DEVELOPMENT_TEAM = Z9UFZ937K2;
				ENABLE_PREVIEWS = YES;
				INFOPLIST_FILE = SaryApp/Info.plist;
				IPHONEOS_DEPLOYMENT_TARGET = 14.0;
				LD_RUNPATH_SEARCH_PATHS = (
					"$(inherited)",
					"@executable_path/Frameworks",
				);
				PRODUCT_BUNDLE_IDENTIFIER = com.aljarba.SaryApp;
				PRODUCT_NAME = "$(TARGET_NAME)";
				SWIFT_VERSION = 5.0;
				TARGETED_DEVICE_FAMILY = "1,2";
			};
			name = Debug;
		};
		D6A4A40326EFB93A00E9F13E /* Release */ = {
			isa = XCBuildConfiguration;
			baseConfigurationReference = 6EFC10E7E7D127616FCFF246 /* Pods-SaryApp.release.xcconfig */;
			buildSettings = {
				ASSETCATALOG_COMPILER_APPICON_NAME = AppIcon;
				ASSETCATALOG_COMPILER_GLOBAL_ACCENT_COLOR_NAME = AccentColor;
				CODE_SIGN_STYLE = Automatic;
				DEVELOPMENT_ASSET_PATHS = "\"SaryApp/Preview Content\"";
				DEVELOPMENT_TEAM = Z9UFZ937K2;
				ENABLE_PREVIEWS = YES;
				INFOPLIST_FILE = SaryApp/Info.plist;
				IPHONEOS_DEPLOYMENT_TARGET = 14.0;
				LD_RUNPATH_SEARCH_PATHS = (
					"$(inherited)",
					"@executable_path/Frameworks",
				);
				PRODUCT_BUNDLE_IDENTIFIER = com.aljarba.SaryApp;
				PRODUCT_NAME = "$(TARGET_NAME)";
				SWIFT_VERSION = 5.0;
				TARGETED_DEVICE_FAMILY = "1,2";
			};
			name = Release;
		};
/* End XCBuildConfiguration section */

/* Begin XCConfigurationList section */
		D6A4A3ED26EFB93900E9F13E /* Build configuration list for PBXProject "SaryApp" */ = {
			isa = XCConfigurationList;
			buildConfigurations = (
				D6A4A3FF26EFB93A00E9F13E /* Debug */,
				D6A4A40026EFB93A00E9F13E /* Release */,
			);
			defaultConfigurationIsVisible = 0;
			defaultConfigurationName = Release;
		};
		D6A4A40126EFB93A00E9F13E /* Build configuration list for PBXNativeTarget "SaryApp" */ = {
			isa = XCConfigurationList;
			buildConfigurations = (
				D6A4A40226EFB93A00E9F13E /* Debug */,
				D6A4A40326EFB93A00E9F13E /* Release */,
			);
			defaultConfigurationIsVisible = 0;
			defaultConfigurationName = Release;
		};
/* End XCConfigurationList section */
	};
	rootObject = D6A4A3EA26EFB93900E9F13E /* Project object */;
}
